
Microsoft Visual Studio Solution File, Format Version 12.00
# Visual Studio Version 16
VisualStudioVersion = 16.0.808.6
MinimumVisualStudioVersion = 10.0.40219.1
Project("{FAE04EC0-301F-11D3-BF4B-00C04F79EFBC}") = "MusicTeacher", "MusicTeacher\MusicTeacher.csproj", "{0C2C1D3C-166E-489F-B032-004513945B11}"
EndProject
Project("{FAE04EC0-301F-11D3-BF4B-00C04F79EFBC}") = "MusicTeacherUnitTests", "MusicTeacherUnitTests\MusicTeacherUnitTests.csproj", "{D1E49F14-B944-4D14-8159-6B756E8F7042}"
EndProject
Project("{2150E333-8FDC-42A3-9474-1A3956D46DE8}") = "Solution Items", "Solution Items", "{A039920C-4C4B-41D8-9CF3-DAAC46BAA929}"
	ProjectSection(SolutionItems) = preProject
		README.md = README.md
	EndProjectSection
EndProject
Global
	GlobalSection(SolutionConfigurationPlatforms) = preSolution
		Debug|Any CPU = Debug|Any CPU
		Release|Any CPU = Release|Any CPU
	EndGlobalSection
	GlobalSection(ProjectConfigurationPlatforms) = postSolution
		{0C2C1D3C-166E-489F-B032-004513945B11}.Debug|Any CPU.ActiveCfg = Debug|Any CPU
		{0C2C1D3C-166E-489F-B032-004513945B11}.Debug|Any CPU.Build.0 = Debug|Any CPU
		{0C2C1D3C-166E-489F-B032-004513945B11}.Release|Any CPU.ActiveCfg = Release|Any CPU
		{0C2C1D3C-166E-489F-B032-004513945B11}.Release|Any CPU.Build.0 = Release|Any CPU
		{D1E49F14-B944-4D14-8159-6B756E8F7042}.Debug|Any CPU.ActiveCfg = Debug|Any CPU
		{D1E49F14-B944-4D14-8159-6B756E8F7042}.Debug|Any CPU.Build.0 = Debug|Any CPU
		{D1E49F14-B944-4D14-8159-6B756E8F7042}.Release|Any CPU.ActiveCfg = Release|Any CPU
		{D1E49F14-B944-4D14-8159-6B756E8F7042}.Release|Any CPU.Build.0 = Release|Any CPU
	EndGlobalSection
	GlobalSection(SolutionProperties) = preSolution
		HideSolutionNode = FALSE
	EndGlobalSection
	GlobalSection(ExtensibilityGlobals) = postSolution
		SolutionGuid = {3C377CD8-F1CB-4F53-B807-ABEA55ED1E70}
	EndGlobalSection
EndGlobal
